
Microsoft Visual Studio Solution File, Format Version 12.00
# Visual Studio Version 17
VisualStudioVersion = 17.14.36518.9 d17.14
MinimumVisualStudioVersion = 10.0.40219.1
Project("{54A90642-561A-4BB1-A94E-469ADEE60C69}") = "test", "test.esproj", "{7F49BCFB-6198-BAE9-5AD1-BB8ED6E32555}"
EndProject
Global
	GlobalSection(SolutionConfigurationPlatforms) = preSolution
		Debug|Any CPU = Debug|Any CPU
		Release|Any CPU = Release|Any CPU
	EndGlobalSection
	GlobalSection(ProjectConfigurationPlatforms) = postSolution
		{7F49BCFB-6198-BAE9-5AD1-BB8ED6E32555}.Debug|Any CPU.ActiveCfg = Debug|Any CPU
		{7F49BCFB-6198-BAE9-5AD1-BB8ED6E32555}.Debug|Any CPU.Build.0 = Debug|Any CPU
		{7F49BCFB-6198-BAE9-5AD1-BB8ED6E32555}.Debug|Any CPU.Deploy.0 = Debug|Any CPU
		{7F49BCFB-6198-BAE9-5AD1-BB8ED6E32555}.Release|Any CPU.ActiveCfg = Release|Any CPU
		{7F49BCFB-6198-BAE9-5AD1-BB8ED6E32555}.Release|Any CPU.Build.0 = Release|Any CPU
		{7F49BCFB-6198-BAE9-5AD1-BB8ED6E32555}.Release|Any CPU.Deploy.0 = Release|Any CPU
	EndGlobalSection
	GlobalSection(SolutionProperties) = preSolution
		HideSolutionNode = FALSE
	EndGlobalSection
	GlobalSection(ExtensibilityGlobals) = postSolution
		SolutionGuid = {F11CC0B0-0DE5-46E0-A2D3-D2E1A4C016B3}
	EndGlobalSection
EndGlobal
